// !$*UTF8*$!
{
	archiveVersion = 1;
	classes = {
	};
	objectVersion = 77;
	objects = {

/* Begin PBXContainerItemProxy section */
		BE48D1CE2D0A05850011D153 /* PBXContainerItemProxy */ = {
			isa = PBXContainerItemProxy;
			containerPortal = BE48D1B52D0A05830011D153 /* Project object */;
			proxyType = 1;
			remoteGlobalIDString = BE48D1BC2D0A05830011D153;
			remoteInfo = DrinkGuage;
		};
		BE48D1D82D0A05850011D153 /* PBXContainerItemProxy */ = {
			isa = PBXContainerItemProxy;
			containerPortal = BE48D1B52D0A05830011D153 /* Project object */;
			proxyType = 1;
			remoteGlobalIDString = BE48D1BC2D0A05830011D153;
			remoteInfo = DrinkGuage;
		};
/* End PBXContainerItemProxy section */

/* Begin PBXFileReference section */
		BE48D1BD2D0A05830011D153 /* DrinkGuage.app */ = {isa = PBXFileReference; explicitFileType = wrapper.application; includeInIndex = 0; path = DrinkGuage.app; sourceTree = BUILT_PRODUCTS_DIR; };
		BE48D1CD2D0A05850011D153 /* DrinkGuageTests.xctest */ = {isa = PBXFileReference; explicitFileType = wrapper.cfbundle; includeInIndex = 0; path = DrinkGuageTests.xctest; sourceTree = BUILT_PRODUCTS_DIR; };
		BE48D1D72D0A05850011D153 /* DrinkGuageUITests.xctest */ = {isa = PBXFileReference; explicitFileType = wrapper.cfbundle; includeInIndex = 0; path = DrinkGuageUITests.xctest; sourceTree = BUILT_PRODUCTS_DIR; };
/* End PBXFileReference section */

/* Begin PBXFileSystemSynchronizedRootGroup section */
		BE48D1BF2D0A05830011D153 /* DrinkGuage */ = {
			isa = PBXFileSystemSynchronizedRootGroup;
			path = DrinkGuage;
			sourceTree = "<group>";
		};
		BE48D1D02D0A05850011D153 /* DrinkGuageTests */ = {
			isa = PBXFileSystemSynchronizedRootGroup;
			path = DrinkGuageTests;
			sourceTree = "<group>";
		};
		BE48D1DA2D0A05850011D153 /* DrinkGuageUITests */ = {
			isa = PBXFileSystemSynchronizedRootGroup;
			path = DrinkGuageUITests;
			sourceTree = "<group>";
		};
/* End PBXFileSystemSynchronizedRootGroup section */

/* Begin PBXFrameworksBuildPhase section */
		BE48D1BA2D0A05830011D153 /* Frameworks */ = {
			isa = PBXFrameworksBuildPhase;
			buildActionMask = 2147483647;
			files = (
			);
			runOnlyForDeploymentPostprocessing = 0;
		};
		BE48D1CA2D0A05850011D153 /* Frameworks */ = {
			isa = PBXFrameworksBuildPhase;
			buildActionMask = 2147483647;
			files = (
			);
			runOnlyForDeploymentPostprocessing = 0;
		};
		BE48D1D42D0A05850011D153 /* Frameworks */ = {
			isa = PBXFrameworksBuildPhase;
			buildActionMask = 2147483647;
			files = (
			);
			runOnlyForDeploymentPostprocessing = 0;
		};
/* End PBXFrameworksBuildPhase section */

/* Begin PBXGroup section */
		BE48D1B42D0A05830011D153 = {
			isa = PBXGroup;
			children = (
				BE48D1BF2D0A05830011D153 /* DrinkGuage */,
				BE48D1D02D0A05850011D153 /* DrinkGuageTests */,
				BE48D1DA2D0A05850011D153 /* DrinkGuageUITests */,
				BE48D1BE2D0A05830011D153 /* Products */,
			);
			sourceTree = "<group>";
		};
		BE48D1BE2D0A05830011D153 /* Products */ = {
			isa = PBXGroup;
			children = (
				BE48D1BD2D0A05830011D153 /* DrinkGuage.app */,
				BE48D1CD2D0A05850011D153 /* DrinkGuageTests.xctest */,
				BE48D1D72D0A05850011D153 /* DrinkGuageUITests.xctest */,
			);
			name = Products;
			sourceTree = "<group>";
		};
/* End PBXGroup section */

/* Begin PBXNativeTarget section */
		BE48D1BC2D0A05830011D153 /* DrinkGuage */ = {
			isa = PBXNativeTarget;
			buildConfigurationList = BE48D1E12D0A05850011D153 /* Build configuration list for PBXNativeTarget "DrinkGuage" */;
			buildPhases = (
				BE48D1B92D0A05830011D153 /* Sources */,
				BE48D1BA2D0A05830011D153 /* Frameworks */,
				BE48D1BB2D0A05830011D153 /* Resources */,
			);
			buildRules = (
			);
			dependencies = (
			);
			fileSystemSynchronizedGroups = (
				BE48D1BF2D0A05830011D153 /* DrinkGuage */,
			);
			name = DrinkGuage;
			packageProductDependencies = (
			);
			productName = DrinkGuage;
			productReference = BE48D1BD2D0A05830011D153 /* DrinkGuage.app */;
			productType = "com.apple.product-type.application";
		};
		BE48D1CC2D0A05850011D153 /* DrinkGuageTests */ = {
			isa = PBXNativeTarget;
			buildConfigurationList = BE48D1E42D0A05850011D153 /* Build configuration list for PBXNativeTarget "DrinkGuageTests" */;
			buildPhases = (
				BE48D1C92D0A05850011D153 /* Sources */,
				BE48D1CA2D0A05850011D153 /* Frameworks */,
				BE48D1CB2D0A05850011D153 /* Resources */,
			);
			buildRules = (
			);
			dependencies = (
				BE48D1CF2D0A05850011D153 /* PBXTargetDependency */,
			);
			fileSystemSynchronizedGroups = (
				BE48D1D02D0A05850011D153 /* DrinkGuageTests */,
			);
			name = DrinkGuageTests;
			packageProductDependencies = (
			);
			productName = DrinkGuageTests;
			productReference = BE48D1CD2D0A05850011D153 /* DrinkGuageTests.xctest */;
			productType = "com.apple.product-type.bundle.unit-test";
		};
		BE48D1D62D0A05850011D153 /* DrinkGuageUITests */ = {
			isa = PBXNativeTarget;
			buildConfigurationList = BE48D1E72D0A05850011D153 /* Build configuration list for PBXNativeTarget "DrinkGuageUITests" */;
			buildPhases = (
				BE48D1D32D0A05850011D153 /* Sources */,
				BE48D1D42D0A05850011D153 /* Frameworks */,
				BE48D1D52D0A05850011D153 /* Resources */,
			);
			buildRules = (
			);
			dependencies = (
				BE48D1D92D0A05850011D153 /* PBXTargetDependency */,
			);
			fileSystemSynchronizedGroups = (
				BE48D1DA2D0A05850011D153 /* DrinkGuageUITests */,
			);
			name = DrinkGuageUITests;
			packageProductDependencies = (
			);
			productName = DrinkGuageUITests;
			productReference = BE48D1D72D0A05850011D153 /* DrinkGuageUITests.xctest */;
			productType = "com.apple.product-type.bundle.ui-testing";
		};
/* End PBXNativeTarget section */

/* Begin PBXProject section */
		BE48D1B52D0A05830011D153 /* Project object */ = {
			isa = PBXProject;
			attributes = {
				BuildIndependentTargetsInParallel = 1;
				LastSwiftUpdateCheck = 1610;
				LastUpgradeCheck = 1610;
				TargetAttributes = {
					BE48D1BC2D0A05830011D153 = {
						CreatedOnToolsVersion = 16.1;
					};
					BE48D1CC2D0A05850011D153 = {
						CreatedOnToolsVersion = 16.1;
						TestTargetID = BE48D1BC2D0A05830011D153;
					};
					BE48D1D62D0A05850011D153 = {
						CreatedOnToolsVersion = 16.1;
						TestTargetID = BE48D1BC2D0A05830011D153;
					};
				};
			};
			buildConfigurationList = BE48D1B82D0A05830011D153 /* Build configuration list for PBXProject "DrinkGuage" */;
			developmentRegion = en;
			hasScannedForEncodings = 0;
			knownRegions = (
				en,
				Base,
			);
			mainGroup = BE48D1B42D0A05830011D153;
			minimizedProjectReferenceProxies = 1;
			preferredProjectObjectVersion = 77;
			productRefGroup = BE48D1BE2D0A05830011D153 /* Products */;
			projectDirPath = "";
			projectRoot = "";
			targets = (
				BE48D1BC2D0A05830011D153 /* DrinkGuage */,
				BE48D1CC2D0A05850011D153 /* DrinkGuageTests */,
				BE48D1D62D0A05850011D153 /* DrinkGuageUITests */,
			);
		};
/* End PBXProject section */

/* Begin PBXResourcesBuildPhase section */
		BE48D1BB2D0A05830011D153 /* Resources */ = {
			isa = PBXResourcesBuildPhase;
			buildActionMask = 2147483647;
			files = (
			);
			runOnlyForDeploymentPostprocessing = 0;
		};
		BE48D1CB2D0A05850011D153 /* Resources */ = {
			isa = PBXResourcesBuildPhase;
			buildActionMask = 2147483647;
			files = (
			);
			runOnlyForDeploymentPostprocessing = 0;
		};
		BE48D1D52D0A05850011D153 /* Resources */ = {
			isa = PBXResourcesBuildPhase;
			buildActionMask = 2147483647;
			files = (
			);
			runOnlyForDeploymentPostprocessing = 0;
		};
/* End PBXResourcesBuildPhase section */

/* Begin PBXSourcesBuildPhase section */
		BE48D1B92D0A05830011D153 /* Sources */ = {
			isa = PBXSourcesBuildPhase;
			buildActionMask = 2147483647;
			files = (
			);
			runOnlyForDeploymentPostprocessing = 0;
		};
		BE48D1C92D0A05850011D153 /* Sources */ = {
			isa = PBXSourcesBuildPhase;
			buildActionMask = 2147483647;
			files = (
			);
			runOnlyForDeploymentPostprocessing = 0;
		};
		BE48D1D32D0A05850011D153 /* Sources */ = {
			isa = PBXSourcesBuildPhase;
			buildActionMask = 2147483647;
			files = (
			);
			runOnlyForDeploymentPostprocessing = 0;
		};
/* End PBXSourcesBuildPhase section */

/* Begin PBXTargetDependency section */
		BE48D1CF2D0A05850011D153 /* PBXTargetDependency */ = {
			isa = PBXTargetDependency;
			target = BE48D1BC2D0A05830011D153 /* DrinkGuage */;
			targetProxy = BE48D1CE2D0A05850011D153 /* PBXContainerItemProxy */;
		};
		BE48D1D92D0A05850011D153 /* PBXTargetDependency */ = {
			isa = PBXTargetDependency;
			target = BE48D1BC2D0A05830011D153 /* DrinkGuage */;
			targetProxy = BE48D1D82D0A05850011D153 /* PBXContainerItemProxy */;
		};
/* End PBXTargetDependency section */

/* Begin XCBuildConfiguration section */
		BE48D1DF2D0A05850011D153 /* Debug */ = {
			isa = XCBuildConfiguration;
			buildSettings = {
				ALWAYS_SEARCH_USER_PATHS = NO;
				ASSETCATALOG_COMPILER_GENERATE_SWIFT_ASSET_SYMBOL_EXTENSIONS = YES;
				CLANG_ANALYZER_NONNULL = YES;
				CLANG_ANALYZER_NUMBER_OBJECT_CONVERSION = YES_AGGRESSIVE;
				CLANG_CXX_LANGUAGE_STANDARD = "gnu++20";
				CLANG_ENABLE_MODULES = YES;
				CLANG_ENABLE_OBJC_ARC = YES;
				CLANG_ENABLE_OBJC_WEAK = YES;
				CLANG_WARN_BLOCK_CAPTURE_AUTORELEASING = YES;
				CLANG_WARN_BOOL_CONVERSION = YES;
				CLANG_WARN_COMMA = YES;
				CLANG_WARN_CONSTANT_CONVERSION = YES;
				CLANG_WARN_DEPRECATED_OBJC_IMPLEMENTATIONS = YES;
				CLANG_WARN_DIRECT_OBJC_ISA_USAGE = YES_ERROR;
				CLANG_WARN_DOCUMENTATION_COMMENTS = YES;
				CLANG_WARN_EMPTY_BODY = YES;
				CLANG_WARN_ENUM_CONVERSION = YES;
				CLANG_WARN_INFINITE_RECURSION = YES;
				CLANG_WARN_INT_CONVERSION = YES;
				CLANG_WARN_NON_LITERAL_NULL_CONVERSION = YES;
				CLANG_WARN_OBJC_IMPLICIT_RETAIN_SELF = YES;
				CLANG_WARN_OBJC_LITERAL_CONVERSION = YES;
				CLANG_WARN_OBJC_ROOT_CLASS = YES_ERROR;
				CLANG_WARN_QUOTED_INCLUDE_IN_FRAMEWORK_HEADER = YES;
				CLANG_WARN_RANGE_LOOP_ANALYSIS = YES;
				CLANG_WARN_STRICT_PROTOTYPES = YES;
				CLANG_WARN_SUSPICIOUS_MOVE = YES;
				CLANG_WARN_UNGUARDED_AVAILABILITY = YES_AGGRESSIVE;
				CLANG_WARN_UNREACHABLE_CODE = YES;
				CLANG_WARN__DUPLICATE_METHOD_MATCH = YES;
				COPY_PHASE_STRIP = NO;
				DEBUG_INFORMATION_FORMAT = dwarf;
				ENABLE_STRICT_OBJC_MSGSEND = YES;
				ENABLE_TESTABILITY = YES;
				ENABLE_USER_SCRIPT_SANDBOXING = YES;
				GCC_C_LANGUAGE_STANDARD = gnu17;
				GCC_DYNAMIC_NO_PIC = NO;
				GCC_NO_COMMON_BLOCKS = YES;
				GCC_OPTIMIZATION_LEVEL = 0;
				GCC_PREPROCESSOR_DEFINITIONS = (
					"DEBUG=1",
					"$(inherited)",
				);
				GCC_WARN_64_TO_32_BIT_CONVERSION = YES;
				GCC_WARN_ABOUT_RETURN_TYPE = YES_ERROR;
				GCC_WARN_UNDECLARED_SELECTOR = YES;
				GCC_WARN_UNINITIALIZED_AUTOS = YES_AGGRESSIVE;
				GCC_WARN_UNUSED_FUNCTION = YES;
				GCC_WARN_UNUSED_VARIABLE = YES;
				IPHONEOS_DEPLOYMENT_TARGET = 18.1;
				LOCALIZATION_PREFERS_STRING_CATALOGS = YES;
				MTL_ENABLE_DEBUG_INFO = INCLUDE_SOURCE;
				MTL_FAST_MATH = YES;
				ONLY_ACTIVE_ARCH = YES;
				SDKROOT = iphoneos;
				SWIFT_ACTIVE_COMPILATION_CONDITIONS = "DEBUG $(inherited)";
				SWIFT_OPTIMIZATION_LEVEL = "-Onone";
			};
			name = Debug;
		};
		BE48D1E02D0A05850011D153 /* Release */ = {
			isa = XCBuildConfiguration;
			buildSettings = {
				ALWAYS_SEARCH_USER_PATHS = NO;
				ASSETCATALOG_COMPILER_GENERATE_SWIFT_ASSET_SYMBOL_EXTENSIONS = YES;
				CLANG_ANALYZER_NONNULL = YES;
				CLANG_ANALYZER_NUMBER_OBJECT_CONVERSION = YES_AGGRESSIVE;
				CLANG_CXX_LANGUAGE_STANDARD = "gnu++20";
				CLANG_ENABLE_MODULES = YES;
				CLANG_ENABLE_OBJC_ARC = YES;
				CLANG_ENABLE_OBJC_WEAK = YES;
				CLANG_WARN_BLOCK_CAPTURE_AUTORELEASING = YES;
				CLANG_WARN_BOOL_CONVERSION = YES;
				CLANG_WARN_COMMA = YES;
				CLANG_WARN_CONSTANT_CONVERSION = YES;
				CLANG_WARN_DEPRECATED_OBJC_IMPLEMENTATIONS = YES;
				CLANG_WARN_DIRECT_OBJC_ISA_USAGE = YES_ERROR;
				CLANG_WARN_DOCUMENTATION_COMMENTS = YES;
				CLANG_WARN_EMPTY_BODY = YES;
				CLANG_WARN_ENUM_CONVERSION = YES;
				CLANG_WARN_INFINITE_RECURSION = YES;
				CLANG_WARN_INT_CONVERSION = YES;
				CLANG_WARN_NON_LITERAL_NULL_CONVERSION = YES;
				CLANG_WARN_OBJC_IMPLICIT_RETAIN_SELF = YES;
				CLANG_WARN_OBJC_LITERAL_CONVERSION = YES;
				CLANG_WARN_OBJC_ROOT_CLASS = YES_ERROR;
				CLANG_WARN_QUOTED_INCLUDE_IN_FRAMEWORK_HEADER = YES;
				CLANG_WARN_RANGE_LOOP_ANALYSIS = YES;
				CLANG_WARN_STRICT_PROTOTYPES = YES;
				CLANG_WARN_SUSPICIOUS_MOVE = YES;
				CLANG_WARN_UNGUARDED_AVAILABILITY = YES_AGGRESSIVE;
				CLANG_WARN_UNREACHABLE_CODE = YES;
				CLANG_WARN__DUPLICATE_METHOD_MATCH = YES;
				COPY_PHASE_STRIP = NO;
				DEBUG_INFORMATION_FORMAT = "dwarf-with-dsym";
				ENABLE_NS_ASSERTIONS = NO;
				ENABLE_STRICT_OBJC_MSGSEND = YES;
				ENABLE_USER_SCRIPT_SANDBOXING = YES;
				GCC_C_LANGUAGE_STANDARD = gnu17;
				GCC_NO_COMMON_BLOCKS = YES;
				GCC_WARN_64_TO_32_BIT_CONVERSION = YES;
				GCC_WARN_ABOUT_RETURN_TYPE = YES_ERROR;
				GCC_WARN_UNDECLARED_SELECTOR = YES;
				GCC_WARN_UNINITIALIZED_AUTOS = YES_AGGRESSIVE;
				GCC_WARN_UNUSED_FUNCTION = YES;
				GCC_WARN_UNUSED_VARIABLE = YES;
				IPHONEOS_DEPLOYMENT_TARGET = 18.1;
				LOCALIZATION_PREFERS_STRING_CATALOGS = YES;
				MTL_ENABLE_DEBUG_INFO = NO;
				MTL_FAST_MATH = YES;
				SDKROOT = iphoneos;
				SWIFT_COMPILATION_MODE = wholemodule;
				VALIDATE_PRODUCT = YES;
			};
			name = Release;
		};
		BE48D1E22D0A05850011D153 /* Debug */ = {
			isa = XCBuildConfiguration;
			buildSettings = {
				ASSETCATALOG_COMPILER_APPICON_NAME = AppIcon;
				ASSETCATALOG_COMPILER_GLOBAL_ACCENT_COLOR_NAME = AccentColor;
				CODE_SIGN_STYLE = Automatic;
				CURRENT_PROJECT_VERSION = 1;
				DEVELOPMENT_ASSET_PATHS = "\"DrinkGuage/Preview Content\"";
				ENABLE_PREVIEWS = YES;
				GENERATE_INFOPLIST_FILE = YES;
				INFOPLIST_KEY_UIApplicationSceneManifest_Generation = YES;
				INFOPLIST_KEY_UIApplicationSupportsIndirectInputEvents = YES;
				INFOPLIST_KEY_UILaunchScreen_Generation = YES;
				INFOPLIST_KEY_UISupportedInterfaceOrientations_iPad = "UIInterfaceOrientationPortrait UIInterfaceOrientationPortraitUpsideDown UIInterfaceOrientationLandscapeLeft UIInterfaceOrientationLandscapeRight";
				INFOPLIST_KEY_UISupportedInterfaceOrientations_iPhone = "UIInterfaceOrientationPortrait UIInterfaceOrientationLandscapeLeft UIInterfaceOrientationLandscapeRight";
				LD_RUNPATH_SEARCH_PATHS = (
					"$(inherited)",
					"@executable_path/Frameworks",
				);
				MARKETING_VERSION = 1.0;
				PRODUCT_BUNDLE_IDENTIFIER = org.DrinkGuage;
				PRODUCT_NAME = "$(TARGET_NAME)";
				SWIFT_EMIT_LOC_STRINGS = YES;
				SWIFT_VERSION = 5.0;
				TARGETED_DEVICE_FAMILY = "1,2";
			};
			name = Debug;
		};
		BE48D1E32D0A05850011D153 /* Release */ = {
			isa = XCBuildConfiguration;
			buildSettings = {
				ASSETCATALOG_COMPILER_APPICON_NAME = AppIcon;
				ASSETCATALOG_COMPILER_GLOBAL_ACCENT_COLOR_NAME = AccentColor;
				CODE_SIGN_STYLE = Automatic;
				CURRENT_PROJECT_VERSION = 1;
				DEVELOPMENT_ASSET_PATHS = "\"DrinkGuage/Preview Content\"";
				ENABLE_PREVIEWS = YES;
				GENERATE_INFOPLIST_FILE = YES;
				INFOPLIST_KEY_UIApplicationSceneManifest_Generation = YES;
				INFOPLIST_KEY_UIApplicationSupportsIndirectInputEvents = YES;
				INFOPLIST_KEY_UILaunchScreen_Generation = YES;
				INFOPLIST_KEY_UISupportedInterfaceOrientations_iPad = "UIInterfaceOrientationPortrait UIInterfaceOrientationPortraitUpsideDown UIInterfaceOrientationLandscapeLeft UIInterfaceOrientationLandscapeRight";
				INFOPLIST_KEY_UISupportedInterfaceOrientations_iPhone = "UIInterfaceOrientationPortrait UIInterfaceOrientationLandscapeLeft UIInterfaceOrientationLandscapeRight";
				LD_RUNPATH_SEARCH_PATHS = (
					"$(inherited)",
					"@executable_path/Frameworks",
				);
				MARKETING_VERSION = 1.0;
				PRODUCT_BUNDLE_IDENTIFIER = org.DrinkGuage;
				PRODUCT_NAME = "$(TARGET_NAME)";
				SWIFT_EMIT_LOC_STRINGS = YES;
				SWIFT_VERSION = 5.0;
				TARGETED_DEVICE_FAMILY = "1,2";
			};
			name = Release;
		};
		BE48D1E52D0A05850011D153 /* Debug */ = {
			isa = XCBuildConfiguration;
			buildSettings = {
				BUNDLE_LOADER = "$(TEST_HOST)";
				CODE_SIGN_STYLE = Automatic;
				CURRENT_PROJECT_VERSION = 1;
				GENERATE_INFOPLIST_FILE = YES;
				IPHONEOS_DEPLOYMENT_TARGET = 18.1;
				MARKETING_VERSION = 1.0;
				PRODUCT_BUNDLE_IDENTIFIER = org.DrinkGuageTests;
				PRODUCT_NAME = "$(TARGET_NAME)";
				SWIFT_EMIT_LOC_STRINGS = NO;
				SWIFT_VERSION = 5.0;
				TARGETED_DEVICE_FAMILY = "1,2";
				TEST_HOST = "$(BUILT_PRODUCTS_DIR)/DrinkGuage.app/$(BUNDLE_EXECUTABLE_FOLDER_PATH)/DrinkGuage";
			};
			name = Debug;
		};
		BE48D1E62D0A05850011D153 /* Release */ = {
			isa = XCBuildConfiguration;
			buildSettings = {
				BUNDLE_LOADER = "$(TEST_HOST)";
				CODE_SIGN_STYLE = Automatic;
				CURRENT_PROJECT_VERSION = 1;
				GENERATE_INFOPLIST_FILE = YES;
				IPHONEOS_DEPLOYMENT_TARGET = 18.1;
				MARKETING_VERSION = 1.0;
				PRODUCT_BUNDLE_IDENTIFIER = org.DrinkGuageTests;
				PRODUCT_NAME = "$(TARGET_NAME)";
				SWIFT_EMIT_LOC_STRINGS = NO;
				SWIFT_VERSION = 5.0;
				TARGETED_DEVICE_FAMILY = "1,2";
				TEST_HOST = "$(BUILT_PRODUCTS_DIR)/DrinkGuage.app/$(BUNDLE_EXECUTABLE_FOLDER_PATH)/DrinkGuage";
			};
			name = Release;
		};
		BE48D1E82D0A05850011D153 /* Debug */ = {
			isa = XCBuildConfiguration;
			buildSettings = {
				CODE_SIGN_STYLE = Automatic;
				CURRENT_PROJECT_VERSION = 1;
				GENERATE_INFOPLIST_FILE = YES;
				MARKETING_VERSION = 1.0;
				PRODUCT_BUNDLE_IDENTIFIER = org.DrinkGuageUITests;
				PRODUCT_NAME = "$(TARGET_NAME)";
				SWIFT_EMIT_LOC_STRINGS = NO;
				SWIFT_VERSION = 5.0;
				TARGETED_DEVICE_FAMILY = "1,2";
				TEST_TARGET_NAME = DrinkGuage;
			};
			name = Debug;
		};
		BE48D1E92D0A05850011D153 /* Release */ = {
			isa = XCBuildConfiguration;
			buildSettings = {
				CODE_SIGN_STYLE = Automatic;
				CURRENT_PROJECT_VERSION = 1;
				GENERATE_INFOPLIST_FILE = YES;
				MARKETING_VERSION = 1.0;
				PRODUCT_BUNDLE_IDENTIFIER = org.DrinkGuageUITests;
				PRODUCT_NAME = "$(TARGET_NAME)";
				SWIFT_EMIT_LOC_STRINGS = NO;
				SWIFT_VERSION = 5.0;
				TARGETED_DEVICE_FAMILY = "1,2";
				TEST_TARGET_NAME = DrinkGuage;
			};
			name = Release;
		};
/* End XCBuildConfiguration section */

/* Begin XCConfigurationList section */
		BE48D1B82D0A05830011D153 /* Build configuration list for PBXProject "DrinkGuage" */ = {
			isa = XCConfigurationList;
			buildConfigurations = (
				BE48D1DF2D0A05850011D153 /* Debug */,
				BE48D1E02D0A05850011D153 /* Release */,
			);
			defaultConfigurationIsVisible = 0;
			defaultConfigurationName = Release;
		};
		BE48D1E12D0A05850011D153 /* Build configuration list for PBXNativeTarget "DrinkGuage" */ = {
			isa = XCConfigurationList;
			buildConfigurations = (
				BE48D1E22D0A05850011D153 /* Debug */,
				BE48D1E32D0A05850011D153 /* Release */,
			);
			defaultConfigurationIsVisible = 0;
			defaultConfigurationName = Release;
		};
		BE48D1E42D0A05850011D153 /* Build configuration list for PBXNativeTarget "DrinkGuageTests" */ = {
			isa = XCConfigurationList;
			buildConfigurations = (
				BE48D1E52D0A05850011D153 /* Debug */,
				BE48D1E62D0A05850011D153 /* Release */,
			);
			defaultConfigurationIsVisible = 0;
			defaultConfigurationName = Release;
		};
		BE48D1E72D0A05850011D153 /* Build configuration list for PBXNativeTarget "DrinkGuageUITests" */ = {
			isa = XCConfigurationList;
			buildConfigurations = (
				BE48D1E82D0A05850011D153 /* Debug */,
				BE48D1E92D0A05850011D153 /* Release */,
			);
			defaultConfigurationIsVisible = 0;
			defaultConfigurationName = Release;
		};
/* End XCConfigurationList section */
	};
	rootObject = BE48D1B52D0A05830011D153 /* Project object */;
}
